// !$*UTF8*$!
{
	archiveVersion = 1;
	classes = {
	};
	objectVersion = 55;
	objects = {

/* Begin PBXFileReference section */
		A07E69C1274A5ED900B12001 /* TemplateIcon@2x.png */ = {isa = PBXFileReference; lastKnownFileType = image.png; path = "TemplateIcon@2x.png"; sourceTree = "<group>"; };
		A07E69D1274A5ED900B12001 /* ___FILEBASENAME___Presenter.swift */ = {isa = PBXFileReference; lastKnownFileType = sourcecode.swift; path = "___FILEBASENAME___Presenter.swift"; sourceTree = "<group>"; };
		A07E69D2274A5ED900B12001 /* ___FILEBASENAME___Worker.swift */ = {isa = PBXFileReference; lastKnownFileType = sourcecode.swift; path = "___FILEBASENAME___Worker.swift"; sourceTree = "<group>"; };
		A07E69D3274A5ED900B12001 /* ___FILEBASENAME___Router.swift */ = {isa = PBXFileReference; lastKnownFileType = sourcecode.swift; path = "___FILEBASENAME___Router.swift"; sourceTree = "<group>"; };
		A07E69D4274A5ED900B12001 /* ___FILEBASENAME___Models.swift */ = {isa = PBXFileReference; lastKnownFileType = sourcecode.swift; path = "___FILEBASENAME___Models.swift"; sourceTree = "<group>"; };
		A07E69D5274A5ED900B12001 /* ___FILEBASENAME___ViewController.swift */ = {isa = PBXFileReference; lastKnownFileType = sourcecode.swift; path = "___FILEBASENAME___ViewController.swift"; sourceTree = "<group>"; };
		A07E69D6274A5ED900B12001 /* ___FILEBASENAME___Interactor.swift */ = {isa = PBXFileReference; lastKnownFileType = sourcecode.swift; path = "___FILEBASENAME___Interactor.swift"; sourceTree = "<group>"; };
		A07E69D7274A5ED900B12001 /* TemplateIcon.png */ = {isa = PBXFileReference; lastKnownFileType = image.png; path = TemplateIcon.png; sourceTree = "<group>"; };
		A07E69D8274A5ED900B12001 /* TemplateInfo.plist */ = {isa = PBXFileReference; lastKnownFileType = text.plist.xml; path = TemplateInfo.plist; sourceTree = "<group>"; };
		A07E69EE274A5ED900B12001 /* ___FILEBASENAME___ViewControllerTests.swift */ = {isa = PBXFileReference; lastKnownFileType = sourcecode.swift; path = "___FILEBASENAME___ViewControllerTests.swift"; sourceTree = "<group>"; };
		A07E69EF274A5ED900B12001 /* TemplateIcon@2x.png */ = {isa = PBXFileReference; lastKnownFileType = image.png; path = "TemplateIcon@2x.png"; sourceTree = "<group>"; };
		A07E69F0274A5ED900B12001 /* ___FILEBASENAME___InteractorTests.swift */ = {isa = PBXFileReference; lastKnownFileType = sourcecode.swift; path = "___FILEBASENAME___InteractorTests.swift"; sourceTree = "<group>"; };
		A07E69F1274A5ED900B12001 /* ___FILEBASENAME___WorkerTests.swift */ = {isa = PBXFileReference; lastKnownFileType = sourcecode.swift; path = "___FILEBASENAME___WorkerTests.swift"; sourceTree = "<group>"; };
		A07E69F2274A5ED900B12001 /* ___FILEBASENAME___PresenterTests.swift */ = {isa = PBXFileReference; lastKnownFileType = sourcecode.swift; path = "___FILEBASENAME___PresenterTests.swift"; sourceTree = "<group>"; };
		A07E69F3274A5ED900B12001 /* TemplateIcon.png */ = {isa = PBXFileReference; lastKnownFileType = image.png; path = TemplateIcon.png; sourceTree = "<group>"; };
		A07E69F4274A5ED900B12001 /* TemplateInfo.plist */ = {isa = PBXFileReference; lastKnownFileType = text.plist.xml; path = TemplateInfo.plist; sourceTree = "<group>"; };
/* End PBXFileReference section */

/* Begin PBXGroup section */
		A07E69B8274A5EC200B12001 = {
			isa = PBXGroup;
			children = (
				A07E69BF274A5ED900B12001 /* Clean Swift */,
			);
			sourceTree = "<group>";
		};
		A07E69BF274A5ED900B12001 /* Clean Swift */ = {
			isa = PBXGroup;
			children = (
				A07E69C0274A5ED900B12001 /* Scene.xctemplate */,
				A07E69ED274A5ED900B12001 /* Unit Tests.xctemplate */,
			);
			path = "Clean Swift";
			sourceTree = "<group>";
		};
		A07E69C0274A5ED900B12001 /* Scene.xctemplate */ = {
			isa = PBXGroup;
			children = (
				A07E69D1274A5ED900B12001 /* ___FILEBASENAME___Presenter.swift */,
				A07E69D2274A5ED900B12001 /* ___FILEBASENAME___Worker.swift */,
				A07E69D3274A5ED900B12001 /* ___FILEBASENAME___Router.swift */,
				A07E69D4274A5ED900B12001 /* ___FILEBASENAME___Models.swift */,
				A07E69D5274A5ED900B12001 /* ___FILEBASENAME___ViewController.swift */,
				A07E69D6274A5ED900B12001 /* ___FILEBASENAME___Interactor.swift */,
				A07E69D7274A5ED900B12001 /* TemplateIcon.png */,
				A07E69C1274A5ED900B12001 /* TemplateIcon@2x.png */,
				A07E69D8274A5ED900B12001 /* TemplateInfo.plist */,
			);
			path = Scene.xctemplate;
			sourceTree = "<group>";
		};
		A07E69ED274A5ED900B12001 /* Unit Tests.xctemplate */ = {
			isa = PBXGroup;
			children = (
				A07E69EE274A5ED900B12001 /* ___FILEBASENAME___ViewControllerTests.swift */,
				A07E69F0274A5ED900B12001 /* ___FILEBASENAME___InteractorTests.swift */,
				A07E69F1274A5ED900B12001 /* ___FILEBASENAME___WorkerTests.swift */,
				A07E69F2274A5ED900B12001 /* ___FILEBASENAME___PresenterTests.swift */,
				A07E69F3274A5ED900B12001 /* TemplateIcon.png */,
				A07E69EF274A5ED900B12001 /* TemplateIcon@2x.png */,
				A07E69F4274A5ED900B12001 /* TemplateInfo.plist */,
			);
			path = "Unit Tests.xctemplate";
			sourceTree = "<group>";
		};
/* End PBXGroup section */

/* Begin PBXProject section */
		A07E69B9274A5EC200B12001 /* Project object */ = {
			isa = PBXProject;
			attributes = {
				BuildIndependentTargetsInParallel = 1;
				LastUpgradeCheck = 1310;
			};
			buildConfigurationList = A07E69BC274A5EC200B12001 /* Build configuration list for PBXProject "CleanSwiftTemplate" */;
			compatibilityVersion = "Xcode 13.0";
			developmentRegion = en;
			hasScannedForEncodings = 0;
			knownRegions = (
				en,
				Base,
			);
			mainGroup = A07E69B8274A5EC200B12001;
			projectDirPath = "";
			projectRoot = "";
			targets = (
			);
		};
/* End PBXProject section */

/* Begin XCBuildConfiguration section */
		A07E69BD274A5EC200B12001 /* Debug */ = {
			isa = XCBuildConfiguration;
			buildSettings = {
			};
			name = Debug;
		};
		A07E69BE274A5EC200B12001 /* Release */ = {
			isa = XCBuildConfiguration;
			buildSettings = {
			};
			name = Release;
		};
/* End XCBuildConfiguration section */

/* Begin XCConfigurationList section */
		A07E69BC274A5EC200B12001 /* Build configuration list for PBXProject "CleanSwiftTemplate" */ = {
			isa = XCConfigurationList;
			buildConfigurations = (
				A07E69BD274A5EC200B12001 /* Debug */,
				A07E69BE274A5EC200B12001 /* Release */,
			);
			defaultConfigurationIsVisible = 0;
			defaultConfigurationName = Release;
		};
/* End XCConfigurationList section */
	};
	rootObject = A07E69B9274A5EC200B12001 /* Project object */;
}
